PODS:
  - Flutter (1.0.0)
  - geolocator_apple (1.2.0):
    - Flutter

DEPENDENCIES:
  - Flutter (from `Flutter`)
  - geolocator_apple (from `.symlinks/plugins/geolocator_apple/ios`)

EXTERNAL SOURCES:
  Flutter:
    :path: Flutter
  geolocator_apple:
    :path: ".symlinks/plugins/geolocator_apple/ios"

SPEC CHECKSUMS:
  Flutter: f04841e97a9d0b0a8025694d0796dd46242b2854
  geolocator_apple: 9157311f654584b9bb72686c55fc02a97b73f461

PODFILE CHECKSUM: 619138bce627a063457ef35693faa8431d36bdea

COCOAPODS: 1.14.3
